
Microsoft Visual Studio Solution File, Format Version 11.00
# Visual Studio 2010
Project("{FAE04EC0-301F-11D3-BF4B-00C04F79EFBC}") = "GeoSharpVS2010", "GeoSharp\GeoSharpVS2010.csproj", "{90C1FDEB-392C-452D-857F-A816B1B1137D}"
EndProject
Global
	GlobalSection(SolutionConfigurationPlatforms) = preSolution
		Debug|Any CPU = Debug|Any CPU
		Release|Any CPU = Release|Any CPU
	EndGlobalSection
	GlobalSection(ProjectConfigurationPlatforms) = postSolution
		{90C1FDEB-392C-452D-857F-A816B1B1137D}.Debug|Any CPU.ActiveCfg = Debug|Any CPU
		{90C1FDEB-392C-452D-857F-A816B1B1137D}.Debug|Any CPU.Build.0 = Debug|Any CPU
		{90C1FDEB-392C-452D-857F-A816B1B1137D}.Release|Any CPU.ActiveCfg = Release|Any CPU
		{90C1FDEB-392C-452D-857F-A816B1B1137D}.Release|Any CPU.Build.0 = Release|Any CPU
	EndGlobalSection
	GlobalSection(SolutionProperties) = preSolution
		HideSolutionNode = FALSE
	EndGlobalSection
EndGlobal
